
Microsoft Visual Studio Solution File, Format Version 12.00
# Visual Studio Version 17
VisualStudioVersion = 17.14.36221.1 d17.14
MinimumVisualStudioVersion = 10.0.40219.1
Project("{FAE04EC0-301F-11D3-BF4B-00C04F79EFBC}") = "IFatec", "IFatec\IFatec.csproj", "{7D0CAE80-F6DE-4E34-8F0C-985BCBE52489}"
EndProject
Global
	GlobalSection(SolutionConfigurationPlatforms) = preSolution
		Debug|Any CPU = Debug|Any CPU
		Release|Any CPU = Release|Any CPU
	EndGlobalSection
	GlobalSection(ProjectConfigurationPlatforms) = postSolution
		{7D0CAE80-F6DE-4E34-8F0C-985BCBE52489}.Debug|Any CPU.ActiveCfg = Debug|Any CPU
		{7D0CAE80-F6DE-4E34-8F0C-985BCBE52489}.Debug|Any CPU.Build.0 = Debug|Any CPU
		{7D0CAE80-F6DE-4E34-8F0C-985BCBE52489}.Release|Any CPU.ActiveCfg = Release|Any CPU
		{7D0CAE80-F6DE-4E34-8F0C-985BCBE52489}.Release|Any CPU.Build.0 = Release|Any CPU
	EndGlobalSection
	GlobalSection(SolutionProperties) = preSolution
		HideSolutionNode = FALSE
	EndGlobalSection
	GlobalSection(ExtensibilityGlobals) = postSolution
		SolutionGuid = {D26C8931-16DA-4386-80F3-DE1AA97AFFB8}
	EndGlobalSection
EndGlobal
